
Microsoft Visual Studio Solution File, Format Version 12.00
# Visual Studio Version 16
VisualStudioVersion = 16.0.30002.166
MinimumVisualStudioVersion = 10.0.40219.1
Project("{FAE04EC0-301F-11D3-BF4B-00C04F79EFBC}") = "Blank_Solution", "Blank_Solution\Blank_Solution.csproj", "{CA548633-07DB-4D9F-90AE-30B6E9409CD1}"
EndProject
Project("{FAE04EC0-301F-11D3-BF4B-00C04F79EFBC}") = "HW04.Task1", "HW04.Task1\HW04.Task1.csproj", "{3BDF010F-06AF-4269-AF96-C51DCC3EB01A}"
EndProject
Project("{FAE04EC0-301F-11D3-BF4B-00C04F79EFBC}") = "HW04.Task2", "HW04.Task2\HW04.Task2.csproj", "{C38317F5-7555-4791-AE5B-D30D109FC774}"
EndProject
Global
	GlobalSection(SolutionConfigurationPlatforms) = preSolution
		Debug|Any CPU = Debug|Any CPU
		Release|Any CPU = Release|Any CPU
	EndGlobalSection
	GlobalSection(ProjectConfigurationPlatforms) = postSolution
		{CA548633-07DB-4D9F-90AE-30B6E9409CD1}.Debug|Any CPU.ActiveCfg = Debug|Any CPU
		{CA548633-07DB-4D9F-90AE-30B6E9409CD1}.Debug|Any CPU.Build.0 = Debug|Any CPU
		{CA548633-07DB-4D9F-90AE-30B6E9409CD1}.Release|Any CPU.ActiveCfg = Release|Any CPU
		{CA548633-07DB-4D9F-90AE-30B6E9409CD1}.Release|Any CPU.Build.0 = Release|Any CPU
		{3BDF010F-06AF-4269-AF96-C51DCC3EB01A}.Debug|Any CPU.ActiveCfg = Debug|Any CPU
		{3BDF010F-06AF-4269-AF96-C51DCC3EB01A}.Debug|Any CPU.Build.0 = Debug|Any CPU
		{3BDF010F-06AF-4269-AF96-C51DCC3EB01A}.Release|Any CPU.ActiveCfg = Release|Any CPU
		{3BDF010F-06AF-4269-AF96-C51DCC3EB01A}.Release|Any CPU.Build.0 = Release|Any CPU
		{C38317F5-7555-4791-AE5B-D30D109FC774}.Debug|Any CPU.ActiveCfg = Debug|Any CPU
		{C38317F5-7555-4791-AE5B-D30D109FC774}.Debug|Any CPU.Build.0 = Debug|Any CPU
		{C38317F5-7555-4791-AE5B-D30D109FC774}.Release|Any CPU.ActiveCfg = Release|Any CPU
		{C38317F5-7555-4791-AE5B-D30D109FC774}.Release|Any CPU.Build.0 = Release|Any CPU
	EndGlobalSection
	GlobalSection(SolutionProperties) = preSolution
		HideSolutionNode = FALSE
	EndGlobalSection
	GlobalSection(ExtensibilityGlobals) = postSolution
		SolutionGuid = {EE189CA4-8C51-4A1B-AA95-03C4526DD35A}
	EndGlobalSection
EndGlobal
